
Microsoft Visual Studio Solution File, Format Version 12.00
# Visual Studio 15
VisualStudioVersion = 15.0.27428.2015
MinimumVisualStudioVersion = 10.0.40219.1
Project("{FAE04EC0-301F-11D3-BF4B-00C04F79EFBC}") = "WebApi", "WebApi\WebApi.csproj", "{008895B6-4C3C-4BDF-B20C-2D038B24B818}"
EndProject
Global
	GlobalSection(SolutionConfigurationPlatforms) = preSolution
		Debug|Any CPU = Debug|Any CPU
		Release|Any CPU = Release|Any CPU
	EndGlobalSection
	GlobalSection(ProjectConfigurationPlatforms) = postSolution
		{008895B6-4C3C-4BDF-B20C-2D038B24B818}.Debug|Any CPU.ActiveCfg = Debug|Any CPU
		{008895B6-4C3C-4BDF-B20C-2D038B24B818}.Debug|Any CPU.Build.0 = Debug|Any CPU
		{008895B6-4C3C-4BDF-B20C-2D038B24B818}.Release|Any CPU.ActiveCfg = Release|Any CPU
		{008895B6-4C3C-4BDF-B20C-2D038B24B818}.Release|Any CPU.Build.0 = Release|Any CPU
	EndGlobalSection
	GlobalSection(SolutionProperties) = preSolution
		HideSolutionNode = FALSE
	EndGlobalSection
	GlobalSection(ExtensibilityGlobals) = postSolution
		SolutionGuid = {F8B7DF0A-21DF-43FF-96D1-EF6C521EE474}
	EndGlobalSection
EndGlobal
